// !$*UTF8*$!
{
	archiveVersion = 1;
	classes = {
	};
	objectVersion = 46;
	objects = {

/* Begin PBXBuildFile section */
		8A0E3E2E17D5AE2900B2E4C2 /* Cocoa.framework in Frameworks */ = {isa = PBXBuildFile; fileRef = 8A0E3E2D17D5AE2900B2E4C2 /* Cocoa.framework */; };
		8A0E3E3817D5AE2900B2E4C2 /* InfoPlist.strings in Resources */ = {isa = PBXBuildFile; fileRef = 8A0E3E3617D5AE2900B2E4C2 /* InfoPlist.strings */; };
		8A0E3E3A17D5AE2900B2E4C2 /* main.m in Sources */ = {isa = PBXBuildFile; fileRef = 8A0E3E3917D5AE2900B2E4C2 /* main.m */; };
		8A0E3E3E17D5AE2900B2E4C2 /* Credits.rtf in Resources */ = {isa = PBXBuildFile; fileRef = 8A0E3E3C17D5AE2900B2E4C2 /* Credits.rtf */; };
		8A0E3E4117D5AE2900B2E4C2 /* AppDelegate.m in Sources */ = {isa = PBXBuildFile; fileRef = 8A0E3E4017D5AE2900B2E4C2 /* AppDelegate.m */; };
		8A0E3E4617D5AE2900B2E4C2 /* Images.xcassets in Resources */ = {isa = PBXBuildFile; fileRef = 8A0E3E4517D5AE2900B2E4C2 /* Images.xcassets */; };
		8A0E3E4D17D5AE2900B2E4C2 /* XCTest.framework in Frameworks */ = {isa = PBXBuildFile; fileRef = 8A0E3E4C17D5AE2900B2E4C2 /* XCTest.framework */; };
		8A0E3E4E17D5AE2900B2E4C2 /* Cocoa.framework in Frameworks */ = {isa = PBXBuildFile; fileRef = 8A0E3E2D17D5AE2900B2E4C2 /* Cocoa.framework */; };
		8A0E3E5617D5AE2900B2E4C2 /* InfoPlist.strings in Resources */ = {isa = PBXBuildFile; fileRef = 8A0E3E5417D5AE2900B2E4C2 /* InfoPlist.strings */; };
		8A0E3E5817D5AE2900B2E4C2 /* BedtimeTests.m in Sources */ = {isa = PBXBuildFile; fileRef = 8A0E3E5717D5AE2900B2E4C2 /* BedtimeTests.m */; };
		8A0E3E6317D5AEEA00B2E4C2 /* IconGenerator.m in Sources */ = {isa = PBXBuildFile; fileRef = 8A0E3E6217D5AEEA00B2E4C2 /* IconGenerator.m */; };
		8A83051917D6621100F57748 /* MainMenu.xib in Resources */ = {isa = PBXBuildFile; fileRef = 8A83051B17D6621100F57748 /* MainMenu.xib */; };
		8A83051E17D681E800F57748 /* BedtimeIconGenerator.m in Sources */ = {isa = PBXBuildFile; fileRef = 8A83051D17D681E800F57748 /* BedtimeIconGenerator.m */; };
/* End PBXBuildFile section */

/* Begin PBXContainerItemProxy section */
		8A0E3E4F17D5AE2900B2E4C2 /* PBXContainerItemProxy */ = {
			isa = PBXContainerItemProxy;
			containerPortal = 8A0E3E2217D5AE2900B2E4C2 /* Project object */;
			proxyType = 1;
			remoteGlobalIDString = 8A0E3E2917D5AE2900B2E4C2;
			remoteInfo = Bedtime;
		};
/* End PBXContainerItemProxy section */

/* Begin PBXFileReference section */
		8A0E3E2A17D5AE2900B2E4C2 /* Bedtime.app */ = {isa = PBXFileReference; explicitFileType = wrapper.application; includeInIndex = 0; path = Bedtime.app; sourceTree = BUILT_PRODUCTS_DIR; };
		8A0E3E2D17D5AE2900B2E4C2 /* Cocoa.framework */ = {isa = PBXFileReference; lastKnownFileType = wrapper.framework; name = Cocoa.framework; path = System/Library/Frameworks/Cocoa.framework; sourceTree = SDKROOT; };
		8A0E3E3017D5AE2900B2E4C2 /* AppKit.framework */ = {isa = PBXFileReference; lastKnownFileType = wrapper.framework; name = AppKit.framework; path = System/Library/Frameworks/AppKit.framework; sourceTree = SDKROOT; };
		8A0E3E3117D5AE2900B2E4C2 /* CoreData.framework */ = {isa = PBXFileReference; lastKnownFileType = wrapper.framework; name = CoreData.framework; path = System/Library/Frameworks/CoreData.framework; sourceTree = SDKROOT; };
		8A0E3E3217D5AE2900B2E4C2 /* Foundation.framework */ = {isa = PBXFileReference; lastKnownFileType = wrapper.framework; name = Foundation.framework; path = System/Library/Frameworks/Foundation.framework; sourceTree = SDKROOT; };
		8A0E3E3517D5AE2900B2E4C2 /* Bedtime-Info.plist */ = {isa = PBXFileReference; lastKnownFileType = text.plist.xml; path = "Bedtime-Info.plist"; sourceTree = "<group>"; };
		8A0E3E3717D5AE2900B2E4C2 /* en */ = {isa = PBXFileReference; lastKnownFileType = text.plist.strings; name = en; path = en.lproj/InfoPlist.strings; sourceTree = "<group>"; };
		8A0E3E3917D5AE2900B2E4C2 /* main.m */ = {isa = PBXFileReference; lastKnownFileType = sourcecode.c.objc; path = main.m; sourceTree = "<group>"; };
		8A0E3E3B17D5AE2900B2E4C2 /* Bedtime-Prefix.pch */ = {isa = PBXFileReference; lastKnownFileType = sourcecode.c.h; path = "Bedtime-Prefix.pch"; sourceTree = "<group>"; };
		8A0E3E3D17D5AE2900B2E4C2 /* en */ = {isa = PBXFileReference; lastKnownFileType = text.rtf; name = en; path = en.lproj/Credits.rtf; sourceTree = "<group>"; };
		8A0E3E3F17D5AE2900B2E4C2 /* AppDelegate.h */ = {isa = PBXFileReference; lastKnownFileType = sourcecode.c.h; path = AppDelegate.h; sourceTree = "<group>"; };
		8A0E3E4017D5AE2900B2E4C2 /* AppDelegate.m */ = {isa = PBXFileReference; lastKnownFileType = sourcecode.c.objc; path = AppDelegate.m; sourceTree = "<group>"; };
		8A0E3E4517D5AE2900B2E4C2 /* Images.xcassets */ = {isa = PBXFileReference; lastKnownFileType = folder.assetcatalog; path = Images.xcassets; sourceTree = "<group>"; };
		8A0E3E4B17D5AE2900B2E4C2 /* BedtimeTests.xctest */ = {isa = PBXFileReference; explicitFileType = wrapper.cfbundle; includeInIndex = 0; path = BedtimeTests.xctest; sourceTree = BUILT_PRODUCTS_DIR; };
		8A0E3E4C17D5AE2900B2E4C2 /* XCTest.framework */ = {isa = PBXFileReference; lastKnownFileType = wrapper.framework; name = XCTest.framework; path = Library/Frameworks/XCTest.framework; sourceTree = DEVELOPER_DIR; };
		8A0E3E5317D5AE2900B2E4C2 /* BedtimeTests-Info.plist */ = {isa = PBXFileReference; lastKnownFileType = text.plist.xml; path = "BedtimeTests-Info.plist"; sourceTree = "<group>"; };
		8A0E3E5517D5AE2900B2E4C2 /* en */ = {isa = PBXFileReference; lastKnownFileType = text.plist.strings; name = en; path = en.lproj/InfoPlist.strings; sourceTree = "<group>"; };
		8A0E3E5717D5AE2900B2E4C2 /* BedtimeTests.m */ = {isa = PBXFileReference; lastKnownFileType = sourcecode.c.objc; path = BedtimeTests.m; sourceTree = "<group>"; };
		8A0E3E6117D5AEEA00B2E4C2 /* IconGenerator.h */ = {isa = PBXFileReference; fileEncoding = 4; lastKnownFileType = sourcecode.c.h; path = IconGenerator.h; sourceTree = "<group>"; };
		8A0E3E6217D5AEEA00B2E4C2 /* IconGenerator.m */ = {isa = PBXFileReference; fileEncoding = 4; lastKnownFileType = sourcecode.c.objc; path = IconGenerator.m; sourceTree = "<group>"; };
		8A83051A17D6621100F57748 /* Base */ = {isa = PBXFileReference; lastKnownFileType = file.xib; name = Base; path = Base.lproj/MainMenu.xib; sourceTree = "<group>"; };
		8A83051C17D681E800F57748 /* BedtimeIconGenerator.h */ = {isa = PBXFileReference; fileEncoding = 4; lastKnownFileType = sourcecode.c.h; path = BedtimeIconGenerator.h; sourceTree = "<group>"; };
		8A83051D17D681E800F57748 /* BedtimeIconGenerator.m */ = {isa = PBXFileReference; fileEncoding = 4; lastKnownFileType = sourcecode.c.objc; path = BedtimeIconGenerator.m; sourceTree = "<group>"; };
		8AA10CB217DD0E3B002A26E9 /* Constants.h */ = {isa = PBXFileReference; lastKnownFileType = sourcecode.c.h; path = Constants.h; sourceTree = "<group>"; };
/* End PBXFileReference section */

/* Begin PBXFrameworksBuildPhase section */
		8A0E3E2717D5AE2900B2E4C2 /* Frameworks */ = {
			isa = PBXFrameworksBuildPhase;
			buildActionMask = 2147483647;
			files = (
				8A0E3E2E17D5AE2900B2E4C2 /* Cocoa.framework in Frameworks */,
			);
			runOnlyForDeploymentPostprocessing = 0;
		};
		8A0E3E4817D5AE2900B2E4C2 /* Frameworks */ = {
			isa = PBXFrameworksBuildPhase;
			buildActionMask = 2147483647;
			files = (
				8A0E3E4E17D5AE2900B2E4C2 /* Cocoa.framework in Frameworks */,
				8A0E3E4D17D5AE2900B2E4C2 /* XCTest.framework in Frameworks */,
			);
			runOnlyForDeploymentPostprocessing = 0;
		};
/* End PBXFrameworksBuildPhase section */

/* Begin PBXGroup section */
		8A0E3E2117D5AE2900B2E4C2 = {
			isa = PBXGroup;
			children = (
				8A0E3E3317D5AE2900B2E4C2 /* Bedtime */,
				8A0E3E5117D5AE2900B2E4C2 /* BedtimeTests */,
				8A0E3E2C17D5AE2900B2E4C2 /* Frameworks */,
				8A0E3E2B17D5AE2900B2E4C2 /* Products */,
			);
			sourceTree = "<group>";
		};
		8A0E3E2B17D5AE2900B2E4C2 /* Products */ = {
			isa = PBXGroup;
			children = (
				8A0E3E2A17D5AE2900B2E4C2 /* Bedtime.app */,
				8A0E3E4B17D5AE2900B2E4C2 /* BedtimeTests.xctest */,
			);
			name = Products;
			sourceTree = "<group>";
		};
		8A0E3E2C17D5AE2900B2E4C2 /* Frameworks */ = {
			isa = PBXGroup;
			children = (
				8A0E3E2D17D5AE2900B2E4C2 /* Cocoa.framework */,
				8A0E3E4C17D5AE2900B2E4C2 /* XCTest.framework */,
				8A0E3E2F17D5AE2900B2E4C2 /* Other Frameworks */,
			);
			name = Frameworks;
			sourceTree = "<group>";
		};
		8A0E3E2F17D5AE2900B2E4C2 /* Other Frameworks */ = {
			isa = PBXGroup;
			children = (
				8A0E3E3017D5AE2900B2E4C2 /* AppKit.framework */,
				8A0E3E3117D5AE2900B2E4C2 /* CoreData.framework */,
				8A0E3E3217D5AE2900B2E4C2 /* Foundation.framework */,
			);
			name = "Other Frameworks";
			sourceTree = "<group>";
		};
		8A0E3E3317D5AE2900B2E4C2 /* Bedtime */ = {
			isa = PBXGroup;
			children = (
				8A0E3E3F17D5AE2900B2E4C2 /* AppDelegate.h */,
				8A0E3E4017D5AE2900B2E4C2 /* AppDelegate.m */,
				8AA10CB217DD0E3B002A26E9 /* Constants.h */,
				8A83051B17D6621100F57748 /* MainMenu.xib */,
				8A0E3E6117D5AEEA00B2E4C2 /* IconGenerator.h */,
				8A0E3E6217D5AEEA00B2E4C2 /* IconGenerator.m */,
				8A83051C17D681E800F57748 /* BedtimeIconGenerator.h */,
				8A83051D17D681E800F57748 /* BedtimeIconGenerator.m */,
				8A0E3E4517D5AE2900B2E4C2 /* Images.xcassets */,
				8A0E3E3417D5AE2900B2E4C2 /* Supporting Files */,
			);
			path = Bedtime;
			sourceTree = "<group>";
		};
		8A0E3E3417D5AE2900B2E4C2 /* Supporting Files */ = {
			isa = PBXGroup;
			children = (
				8A0E3E3517D5AE2900B2E4C2 /* Bedtime-Info.plist */,
				8A0E3E3617D5AE2900B2E4C2 /* InfoPlist.strings */,
				8A0E3E3917D5AE2900B2E4C2 /* main.m */,
				8A0E3E3B17D5AE2900B2E4C2 /* Bedtime-Prefix.pch */,
				8A0E3E3C17D5AE2900B2E4C2 /* Credits.rtf */,
			);
			name = "Supporting Files";
			sourceTree = "<group>";
		};
		8A0E3E5117D5AE2900B2E4C2 /* BedtimeTests */ = {
			isa = PBXGroup;
			children = (
				8A0E3E5717D5AE2900B2E4C2 /* BedtimeTests.m */,
				8A0E3E5217D5AE2900B2E4C2 /* Supporting Files */,
			);
			path = BedtimeTests;
			sourceTree = "<group>";
		};
		8A0E3E5217D5AE2900B2E4C2 /* Supporting Files */ = {
			isa = PBXGroup;
			children = (
				8A0E3E5317D5AE2900B2E4C2 /* BedtimeTests-Info.plist */,
				8A0E3E5417D5AE2900B2E4C2 /* InfoPlist.strings */,
			);
			name = "Supporting Files";
			sourceTree = "<group>";
		};
/* End PBXGroup section */

/* Begin PBXNativeTarget section */
		8A0E3E2917D5AE2900B2E4C2 /* Bedtime */ = {
			isa = PBXNativeTarget;
			buildConfigurationList = 8A0E3E5B17D5AE2900B2E4C2 /* Build configuration list for PBXNativeTarget "Bedtime" */;
			buildPhases = (
				8A0E3E2617D5AE2900B2E4C2 /* Sources */,
				8A0E3E2717D5AE2900B2E4C2 /* Frameworks */,
				8A0E3E2817D5AE2900B2E4C2 /* Resources */,
			);
			buildRules = (
			);
			dependencies = (
			);
			name = Bedtime;
			productName = Bedtime;
			productReference = 8A0E3E2A17D5AE2900B2E4C2 /* Bedtime.app */;
			productType = "com.apple.product-type.application";
		};
		8A0E3E4A17D5AE2900B2E4C2 /* BedtimeTests */ = {
			isa = PBXNativeTarget;
			buildConfigurationList = 8A0E3E5E17D5AE2900B2E4C2 /* Build configuration list for PBXNativeTarget "BedtimeTests" */;
			buildPhases = (
				8A0E3E4717D5AE2900B2E4C2 /* Sources */,
				8A0E3E4817D5AE2900B2E4C2 /* Frameworks */,
				8A0E3E4917D5AE2900B2E4C2 /* Resources */,
			);
			buildRules = (
			);
			dependencies = (
				8A0E3E5017D5AE2900B2E4C2 /* PBXTargetDependency */,
			);
			name = BedtimeTests;
			productName = BedtimeTests;
			productReference = 8A0E3E4B17D5AE2900B2E4C2 /* BedtimeTests.xctest */;
			productType = "com.apple.product-type.bundle.unit-test";
		};
/* End PBXNativeTarget section */

/* Begin PBXProject section */
		8A0E3E2217D5AE2900B2E4C2 /* Project object */ = {
			isa = PBXProject;
			attributes = {
				LastUpgradeCheck = 0500;
				ORGANIZATIONNAME = "Zach Howe";
				TargetAttributes = {
					8A0E3E2917D5AE2900B2E4C2 = {
						DevelopmentTeam = 84HK3V39BY;
					};
					8A0E3E4A17D5AE2900B2E4C2 = {
						TestTargetID = 8A0E3E2917D5AE2900B2E4C2;
					};
				};
			};
			buildConfigurationList = 8A0E3E2517D5AE2900B2E4C2 /* Build configuration list for PBXProject "Bedtime" */;
			compatibilityVersion = "Xcode 3.2";
			developmentRegion = English;
			hasScannedForEncodings = 0;
			knownRegions = (
				en,
				Base,
			);
			mainGroup = 8A0E3E2117D5AE2900B2E4C2;
			productRefGroup = 8A0E3E2B17D5AE2900B2E4C2 /* Products */;
			projectDirPath = "";
			projectRoot = "";
			targets = (
				8A0E3E2917D5AE2900B2E4C2 /* Bedtime */,
				8A0E3E4A17D5AE2900B2E4C2 /* BedtimeTests */,
			);
		};
/* End PBXProject section */

/* Begin PBXResourcesBuildPhase section */
		8A0E3E2817D5AE2900B2E4C2 /* Resources */ = {
			isa = PBXResourcesBuildPhase;
			buildActionMask = 2147483647;
			files = (
				8A0E3E3817D5AE2900B2E4C2 /* InfoPlist.strings in Resources */,
				8A0E3E4617D5AE2900B2E4C2 /* Images.xcassets in Resources */,
				8A0E3E3E17D5AE2900B2E4C2 /* Credits.rtf in Resources */,
				8A83051917D6621100F57748 /* MainMenu.xib in Resources */,
			);
			runOnlyForDeploymentPostprocessing = 0;
		};
		8A0E3E4917D5AE2900B2E4C2 /* Resources */ = {
			isa = PBXResourcesBuildPhase;
			buildActionMask = 2147483647;
			files = (
				8A0E3E5617D5AE2900B2E4C2 /* InfoPlist.strings in Resources */,
			);
			runOnlyForDeploymentPostprocessing = 0;
		};
/* End PBXResourcesBuildPhase section */

/* Begin PBXSourcesBuildPhase section */
		8A0E3E2617D5AE2900B2E4C2 /* Sources */ = {
			isa = PBXSourcesBuildPhase;
			buildActionMask = 2147483647;
			files = (
				8A0E3E4117D5AE2900B2E4C2 /* AppDelegate.m in Sources */,
				8A0E3E6317D5AEEA00B2E4C2 /* IconGenerator.m in Sources */,
				8A0E3E3A17D5AE2900B2E4C2 /* main.m in Sources */,
				8A83051E17D681E800F57748 /* BedtimeIconGenerator.m in Sources */,
			);
			runOnlyForDeploymentPostprocessing = 0;
		};
		8A0E3E4717D5AE2900B2E4C2 /* Sources */ = {
			isa = PBXSourcesBuildPhase;
			buildActionMask = 2147483647;
			files = (
				8A0E3E5817D5AE2900B2E4C2 /* BedtimeTests.m in Sources */,
			);
			runOnlyForDeploymentPostprocessing = 0;
		};
/* End PBXSourcesBuildPhase section */

/* Begin PBXTargetDependency section */
		8A0E3E5017D5AE2900B2E4C2 /* PBXTargetDependency */ = {
			isa = PBXTargetDependency;
			target = 8A0E3E2917D5AE2900B2E4C2 /* Bedtime */;
			targetProxy = 8A0E3E4F17D5AE2900B2E4C2 /* PBXContainerItemProxy */;
		};
/* End PBXTargetDependency section */

/* Begin PBXVariantGroup section */
		8A0E3E3617D5AE2900B2E4C2 /* InfoPlist.strings */ = {
			isa = PBXVariantGroup;
			children = (
				8A0E3E3717D5AE2900B2E4C2 /* en */,
			);
			name = InfoPlist.strings;
			sourceTree = "<group>";
		};
		8A0E3E3C17D5AE2900B2E4C2 /* Credits.rtf */ = {
			isa = PBXVariantGroup;
			children = (
				8A0E3E3D17D5AE2900B2E4C2 /* en */,
			);
			name = Credits.rtf;
			sourceTree = "<group>";
		};
		8A0E3E5417D5AE2900B2E4C2 /* InfoPlist.strings */ = {
			isa = PBXVariantGroup;
			children = (
				8A0E3E5517D5AE2900B2E4C2 /* en */,
			);
			name = InfoPlist.strings;
			sourceTree = "<group>";
		};
		8A83051B17D6621100F57748 /* MainMenu.xib */ = {
			isa = PBXVariantGroup;
			children = (
				8A83051A17D6621100F57748 /* Base */,
			);
			name = MainMenu.xib;
			sourceTree = "<group>";
		};
/* End PBXVariantGroup section */

/* Begin XCBuildConfiguration section */
		8A0E3E5917D5AE2900B2E4C2 /* Debug */ = {
			isa = XCBuildConfiguration;
			buildSettings = {
				ALWAYS_SEARCH_USER_PATHS = NO;
				CLANG_CXX_LANGUAGE_STANDARD = "gnu++0x";
				CLANG_CXX_LIBRARY = "libc++";
				CLANG_ENABLE_MODULES = YES;
				CLANG_ENABLE_OBJC_ARC = YES;
				CLANG_WARN_BOOL_CONVERSION = YES;
				CLANG_WARN_CONSTANT_CONVERSION = YES;
				CLANG_WARN_DIRECT_OBJC_ISA_USAGE = YES_ERROR;
				CLANG_WARN_EMPTY_BODY = YES;
				CLANG_WARN_ENUM_CONVERSION = YES;
				CLANG_WARN_INT_CONVERSION = YES;
				CLANG_WARN_OBJC_ROOT_CLASS = YES_ERROR;
				CLANG_WARN__DUPLICATE_METHOD_MATCH = YES;
				COPY_PHASE_STRIP = NO;
				GCC_C_LANGUAGE_STANDARD = gnu99;
				GCC_DYNAMIC_NO_PIC = NO;
				GCC_ENABLE_OBJC_EXCEPTIONS = YES;
				GCC_OPTIMIZATION_LEVEL = 0;
				GCC_PREPROCESSOR_DEFINITIONS = (
					"DEBUG=1",
					"$(inherited)",
				);
				GCC_SYMBOLS_PRIVATE_EXTERN = NO;
				GCC_WARN_64_TO_32_BIT_CONVERSION = YES;
				GCC_WARN_ABOUT_RETURN_TYPE = YES_ERROR;
				GCC_WARN_UNDECLARED_SELECTOR = YES;
				GCC_WARN_UNINITIALIZED_AUTOS = YES;
				GCC_WARN_UNUSED_FUNCTION = YES;
				GCC_WARN_UNUSED_VARIABLE = YES;
				MACOSX_DEPLOYMENT_TARGET = 10.9;
				ONLY_ACTIVE_ARCH = YES;
				SDKROOT = macosx;
			};
			name = Debug;
		};
		8A0E3E5A17D5AE2900B2E4C2 /* Release */ = {
			isa = XCBuildConfiguration;
			buildSettings = {
				ALWAYS_SEARCH_USER_PATHS = NO;
				CLANG_CXX_LANGUAGE_STANDARD = "gnu++0x";
				CLANG_CXX_LIBRARY = "libc++";
				CLANG_ENABLE_MODULES = YES;
				CLANG_ENABLE_OBJC_ARC = YES;
				CLANG_WARN_BOOL_CONVERSION = YES;
				CLANG_WARN_CONSTANT_CONVERSION = YES;
				CLANG_WARN_DIRECT_OBJC_ISA_USAGE = YES_ERROR;
				CLANG_WARN_EMPTY_BODY = YES;
				CLANG_WARN_ENUM_CONVERSION = YES;
				CLANG_WARN_INT_CONVERSION = YES;
				CLANG_WARN_OBJC_ROOT_CLASS = YES_ERROR;
				CLANG_WARN__DUPLICATE_METHOD_MATCH = YES;
				COPY_PHASE_STRIP = YES;
				DEBUG_INFORMATION_FORMAT = "dwarf-with-dsym";
				ENABLE_NS_ASSERTIONS = NO;
				GCC_C_LANGUAGE_STANDARD = gnu99;
				GCC_ENABLE_OBJC_EXCEPTIONS = YES;
				GCC_WARN_64_TO_32_BIT_CONVERSION = YES;
				GCC_WARN_ABOUT_RETURN_TYPE = YES_ERROR;
				GCC_WARN_UNDECLARED_SELECTOR = YES;
				GCC_WARN_UNINITIALIZED_AUTOS = YES;
				GCC_WARN_UNUSED_FUNCTION = YES;
				GCC_WARN_UNUSED_VARIABLE = YES;
				MACOSX_DEPLOYMENT_TARGET = 10.9;
				SDKROOT = macosx;
			};
			name = Release;
		};
		8A0E3E5C17D5AE2900B2E4C2 /* Debug */ = {
			isa = XCBuildConfiguration;
			buildSettings = {
				ASSETCATALOG_COMPILER_APPICON_NAME = AppIcon;
				CODE_SIGN_IDENTITY = "Developer ID Application";
				"CODE_SIGN_IDENTITY[sdk=macosx*]" = "Mac Developer";
				COMBINE_HIDPI_IMAGES = YES;
				GCC_PRECOMPILE_PREFIX_HEADER = YES;
				GCC_PREFIX_HEADER = "Bedtime/Bedtime-Prefix.pch";
				INFOPLIST_FILE = "Bedtime/Bedtime-Info.plist";
				MACOSX_DEPLOYMENT_TARGET = 10.8;
				PRODUCT_NAME = "$(TARGET_NAME)";
				PROVISIONING_PROFILE = "";
				WRAPPER_EXTENSION = app;
			};
			name = Debug;
		};
		8A0E3E5D17D5AE2900B2E4C2 /* Release */ = {
			isa = XCBuildConfiguration;
			buildSettings = {
				ASSETCATALOG_COMPILER_APPICON_NAME = AppIcon;
				CODE_SIGN_IDENTITY = "Developer ID Application";
				"CODE_SIGN_IDENTITY[sdk=macosx*]" = "Mac Developer";
				COMBINE_HIDPI_IMAGES = YES;
				GCC_PRECOMPILE_PREFIX_HEADER = YES;
				GCC_PREFIX_HEADER = "Bedtime/Bedtime-Prefix.pch";
				INFOPLIST_FILE = "Bedtime/Bedtime-Info.plist";
				MACOSX_DEPLOYMENT_TARGET = 10.8;
				PRODUCT_NAME = "$(TARGET_NAME)";
				PROVISIONING_PROFILE = "";
				WRAPPER_EXTENSION = app;
			};
			name = Release;
		};
		8A0E3E5F17D5AE2900B2E4C2 /* Debug */ = {
			isa = XCBuildConfiguration;
			buildSettings = {
				BUNDLE_LOADER = "$(BUILT_PRODUCTS_DIR)/Bedtime.app/Contents/MacOS/Bedtime";
				COMBINE_HIDPI_IMAGES = YES;
				FRAMEWORK_SEARCH_PATHS = (
					"$(DEVELOPER_FRAMEWORKS_DIR)",
					"$(inherited)",
				);
				GCC_PRECOMPILE_PREFIX_HEADER = YES;
				GCC_PREFIX_HEADER = "Bedtime/Bedtime-Prefix.pch";
				GCC_PREPROCESSOR_DEFINITIONS = (
					"DEBUG=1",
					"$(inherited)",
				);
				INFOPLIST_FILE = "BedtimeTests/BedtimeTests-Info.plist";
				PRODUCT_NAME = "$(TARGET_NAME)";
				TEST_HOST = "$(BUNDLE_LOADER)";
				WRAPPER_EXTENSION = xctest;
			};
			name = Debug;
		};
		8A0E3E6017D5AE2900B2E4C2 /* Release */ = {
			isa = XCBuildConfiguration;
			buildSettings = {
				BUNDLE_LOADER = "$(BUILT_PRODUCTS_DIR)/Bedtime.app/Contents/MacOS/Bedtime";
				COMBINE_HIDPI_IMAGES = YES;
				FRAMEWORK_SEARCH_PATHS = (
					"$(DEVELOPER_FRAMEWORKS_DIR)",
					"$(inherited)",
				);
				GCC_PRECOMPILE_PREFIX_HEADER = YES;
				GCC_PREFIX_HEADER = "Bedtime/Bedtime-Prefix.pch";
				INFOPLIST_FILE = "BedtimeTests/BedtimeTests-Info.plist";
				PRODUCT_NAME = "$(TARGET_NAME)";
				TEST_HOST = "$(BUNDLE_LOADER)";
				WRAPPER_EXTENSION = xctest;
			};
			name = Release;
		};
/* End XCBuildConfiguration section */

/* Begin XCConfigurationList section */
		8A0E3E2517D5AE2900B2E4C2 /* Build configuration list for PBXProject "Bedtime" */ = {
			isa = XCConfigurationList;
			buildConfigurations = (
				8A0E3E5917D5AE2900B2E4C2 /* Debug */,
				8A0E3E5A17D5AE2900B2E4C2 /* Release */,
			);
			defaultConfigurationIsVisible = 0;
			defaultConfigurationName = Release;
		};
		8A0E3E5B17D5AE2900B2E4C2 /* Build configuration list for PBXNativeTarget "Bedtime" */ = {
			isa = XCConfigurationList;
			buildConfigurations = (
				8A0E3E5C17D5AE2900B2E4C2 /* Debug */,
				8A0E3E5D17D5AE2900B2E4C2 /* Release */,
			);
			defaultConfigurationIsVisible = 0;
			defaultConfigurationName = Release;
		};
		8A0E3E5E17D5AE2900B2E4C2 /* Build configuration list for PBXNativeTarget "BedtimeTests" */ = {
			isa = XCConfigurationList;
			buildConfigurations = (
				8A0E3E5F17D5AE2900B2E4C2 /* Debug */,
				8A0E3E6017D5AE2900B2E4C2 /* Release */,
			);
			defaultConfigurationIsVisible = 0;
			defaultConfigurationName = Release;
		};
/* End XCConfigurationList section */
	};
	rootObject = 8A0E3E2217D5AE2900B2E4C2 /* Project object */;
}
